Microsoft Visual Studio Solution File, Format Version 12.00
# Visual Studio Version 17
VisualStudioVersion = 17.8.34330.188
MinimumVisualStudioVersion = 10.0.40219.1
Project("{9A19103F-16F7-4668-BE54-9A1E7A4F7556}") = "MagicNumber", "MagicNumber\MagicNumber.csproj", "{0BDC1445-7BE1-4521-96B6-CCC79B9CF731}"
EndProject
Project("{9A19103F-16F7-4668-BE54-9A1E7A4F7556}") = "MagicNumber.Core", "MagicNumber.Core\MagicNumber.Core.csproj", "{18963F9B-F3B2-40CA-8954-70E9A734E663}"
EndProject
Project("{FAE04EC0-301F-11D3-BF4B-00C04F79EFBC}") = "MagicNumber.API", "MagicNumber.API\MagicNumber.API.csproj", "{1752BDB4-6F4D-453D-B711-9BD03BE09758}"
EndProject
Global
	GlobalSection(SolutionConfigurationPlatforms) = preSolution
		Debug|Any CPU = Debug|Any CPU
		Release|Any CPU = Release|Any CPU
	EndGlobalSection
	GlobalSection(ProjectConfigurationPlatforms) = postSolution
		{0BDC1445-7BE1-4521-96B6-CCC79B9CF731}.Debug|Any CPU.ActiveCfg = Debug|Any CPU
		{0BDC1445-7BE1-4521-96B6-CCC79B9CF731}.Debug|Any CPU.Build.0 = Debug|Any CPU
		{0BDC1445-7BE1-4521-96B6-CCC79B9CF731}.Release|Any CPU.ActiveCfg = Release|Any CPU
		{0BDC1445-7BE1-4521-96B6-CCC79B9CF731}.Release|Any CPU.Build.0 = Release|Any CPU
		{18963F9B-F3B2-40CA-8954-70E9A734E663}.Debug|Any CPU.ActiveCfg = Debug|Any CPU
		{18963F9B-F3B2-40CA-8954-70E9A734E663}.Debug|Any CPU.Build.0 = Debug|Any CPU
		{18963F9B-F3B2-40CA-8954-70E9A734E663}.Release|Any CPU.ActiveCfg = Release|Any CPU
		{18963F9B-F3B2-40CA-8954-70E9A734E663}.Release|Any CPU.Build.0 = Release|Any CPU
		{1752BDB4-6F4D-453D-B711-9BD03BE09758}.Debug|Any CPU.ActiveCfg = Debug|Any CPU
		{1752BDB4-6F4D-453D-B711-9BD03BE09758}.Debug|Any CPU.Build.0 = Debug|Any CPU
		{1752BDB4-6F4D-453D-B711-9BD03BE09758}.Release|Any CPU.ActiveCfg = Release|Any CPU
		{1752BDB4-6F4D-453D-B711-9BD03BE09758}.Release|Any CPU.Build.0 = Release|Any CPU
	EndGlobalSection
	GlobalSection(SolutionProperties) = preSolution
		HideSolutionNode = FALSE
	EndGlobalSection
	GlobalSection(ExtensibilityGlobals) = postSolution
		SolutionGuid = {A7855601-124A-46A9-9BD7-AD826D158153}
	EndGlobalSection
EndGlobal
